# This file is generated by running "yarn install" inside your project.
# Manual changes might be lost - proceed with caution!

__metadata:
  version: 6
  cacheKey: 8

"@babel/runtime@npm:^7.23.2":
  version: 7.23.5
  resolution: "@babel/runtime@npm:7.23.5"
  dependencies:
    regenerator-runtime: ^0.14.0
  checksum: 164d9802424f06908e62d29b8fd3a87db55accf82f46f964ac481dcead11ff7df8391e3696e5fa91a8ca10ea8845bf650acd730fa88cf13f8026cd8d5eec6936
  languageName: node
  linkType: hard

"@discordjs/builders@npm:^1.7.0":
  version: 1.7.0
  resolution: "@discordjs/builders@npm:1.7.0"
  dependencies:
    "@discordjs/formatters": ^0.3.3
    "@discordjs/util": ^1.0.2
    "@sapphire/shapeshift": ^3.9.3
    discord-api-types: 0.37.61
    fast-deep-equal: ^3.1.3
    ts-mixer: ^6.0.3
    tslib: ^2.6.2
  checksum: 837e7643fc8396e4914bbbfbbfa1232ab7109c931884e8df45cd7356944633590f710a18513d30a10de1b6686ed5166df702bde0c4511fb0cbcac897edd9e56a
  languageName: node
  linkType: hard

"@discordjs/collection@npm:1.5.3":
  version: 1.5.3
  resolution: "@discordjs/collection@npm:1.5.3"
  checksum: fefed19bea0f69053d195f9d9dc8af07ca5d8c9b1064581e0aa14bda2b70e632b93c164d5ef3e4910f5442369612ff4eec8d52a700aec562510c19b223f67023
  languageName: node
  linkType: hard

"@discordjs/collection@npm:^2.0.0":
  version: 2.0.0
  resolution: "@discordjs/collection@npm:2.0.0"
  checksum: c2d05fa2b9a27bb64e93e2836bbe44c835d21f85e28cd934f6e2a81fef423ab0415968cca9d066b83347539edc8ea9afa8075d80bd62594e39f09eb881052c49
  languageName: node
  linkType: hard

"@discordjs/formatters@npm:^0.3.3":
  version: 0.3.3
  resolution: "@discordjs/formatters@npm:0.3.3"
  dependencies:
    discord-api-types: 0.37.61
  checksum: a844628094a6effa8ac4e4a4ea9082d5c89e6cae6bbd18e60abd410769e5ea18f64aa2db8623aa3c8c572084368f6c2e27cc2d72af640aff5e4ee7fc42132c60
  languageName: node
  linkType: hard

"@discordjs/rest@npm:^2.1.0, @discordjs/rest@npm:^2.2.0":
  version: 2.2.0
  resolution: "@discordjs/rest@npm:2.2.0"
  dependencies:
    "@discordjs/collection": ^2.0.0
    "@discordjs/util": ^1.0.2
    "@sapphire/async-queue": ^1.5.0
    "@sapphire/snowflake": ^3.5.1
    "@vladfrangu/async_event_emitter": ^2.2.2
    discord-api-types: 0.37.61
    magic-bytes.js: ^1.5.0
    tslib: ^2.6.2
    undici: 5.27.2
  checksum: 29a14ecf3282ae3306883f1f6c870693d0ecacd080c5b66a72e31487a8070655807a80a8bf09bebea4f73e631439abc5121dfa38016ca0ccbe3f68c0f7ffc80e
  languageName: node
  linkType: hard

"@discordjs/util@npm:^1.0.2":
  version: 1.0.2
  resolution: "@discordjs/util@npm:1.0.2"
  checksum: 320d7e125981001160d413ae56e76e60447dce102010b80e3b1b16d885be765df5ae2551aa79fdc4d435a82361ed72246b44251f0c1f7a8fef7056a4481d5609
  languageName: node
  linkType: hard

"@discordjs/ws@npm:^1.0.2":
  version: 1.0.2
  resolution: "@discordjs/ws@npm:1.0.2"
  dependencies:
    "@discordjs/collection": ^2.0.0
    "@discordjs/rest": ^2.1.0
    "@discordjs/util": ^1.0.2
    "@sapphire/async-queue": ^1.5.0
    "@types/ws": ^8.5.9
    "@vladfrangu/async_event_emitter": ^2.2.2
    discord-api-types: 0.37.61
    tslib: ^2.6.2
    ws: ^8.14.2
  checksum: 2564d3ff00d04d7638955c8c9a9f6234c50168fbe8243140bc458dc9ffa39ad5063e7d5762cdce71bb8bcf70b6353c28b8531e40f54568706898e92bc8748590
  languageName: node
  linkType: hard

"@fastify/busboy@npm:^2.0.0":
  version: 2.1.0
  resolution: "@fastify/busboy@npm:2.1.0"
  checksum: 3233abd10f73e50668cb4bb278a79b7b3fadd30215ac6458299b0e5a09a29c3586ec07597aae6bd93f5cbedfcef43a8aeea51829cd28fc13850cdbcd324c28d5
  languageName: node
  linkType: hard

"@sapphire/async-queue@npm:^1.5.0":
  version: 1.5.0
  resolution: "@sapphire/async-queue@npm:1.5.0"
  checksum: 983dbd1fd1b1798496e5edb6a0db7e4d90015160e1028f20475eab0a92625513f1e8d938bc0305811a9cec461c94e01b1e4191615ff03ba49356f568f3255250
  languageName: node
  linkType: hard

"@sapphire/shapeshift@npm:^3.9.3":
  version: 3.9.4
  resolution: "@sapphire/shapeshift@npm:3.9.4"
  dependencies:
    fast-deep-equal: ^3.1.3
    lodash: ^4.17.21
  checksum: 680a06823f899753c230d676a0c4c4b45e5575329d3598fb243dd5777c491955a62dcba94aac35770327a5a1103ddee6ceb8fa99c6b88de3cdd313fe3bafb2d3
  languageName: node
  linkType: hard

"@sapphire/snowflake@npm:3.5.1, @sapphire/snowflake@npm:^3.5.1":
  version: 3.5.1
  resolution: "@sapphire/snowflake@npm:3.5.1"
  checksum: 8fc025020adab1a7a1a5d2cf07704d598cc1977b50e5fcd3a5dd239f00934dc936d3a4d5ae336e71d8bf1d88ec27aa814b34de79e38ff097b7b9ba5a7977a683
  languageName: node
  linkType: hard

"@types/node@npm:*":
  version: 18.11.11
  resolution: "@types/node@npm:18.11.11"
  checksum: c4b1176a8f1714a3ee3fc2a5e1d568b0cd50209000282db5c68154b3c975952928dbb834ef3a0ce55bd7b345ae29f2cbf4a34635a070294d135a24254231386a
  languageName: node
  linkType: hard

"@types/ws@npm:8.5.9":
  version: 8.5.9
  resolution: "@types/ws@npm:8.5.9"
  dependencies:
    "@types/node": "*"
  checksum: 83f436b731d2cdc49a45ced31a0a65cdd2e39c24d7b882776c26efa190dad6553e266d624c7a7089f36ad3ed471e02e729f3219282c80689b435f665df4a2b0b
  languageName: node
  linkType: hard

"@types/ws@npm:^8.5.9":
  version: 8.5.10
  resolution: "@types/ws@npm:8.5.10"
  dependencies:
    "@types/node": "*"
  checksum: 3ec416ea2be24042ebd677932a462cf16d2080393d8d7d0b1b3f5d6eaa4a7387aaf0eefb99193c0bfd29444857cf2e0c3ac89899e130550dc6c14ada8a46d25e
  languageName: node
  linkType: hard

"@vladfrangu/async_event_emitter@npm:^2.2.2":
  version: 2.2.2
  resolution: "@vladfrangu/async_event_emitter@npm:2.2.2"
  checksum: ed948294fea1a2dc8b8f307f4061bf65e2043a946132f288702f0572a806ebe3123b8c7e522e70d2abbd3616f5d67027c9e59df9ef80b0195f7502a848a426ba
  languageName: node
  linkType: hard

"complex.js@npm:^2.1.1":
  version: 2.1.1
  resolution: "complex.js@npm:2.1.1"
  checksum: a0802cc3f0eb7703088edfc3fe209ae7be5ce93c0e710a0f288be2e29ee31b3530a8c0d3330d7c2a668410dfe4293a4038554d66c7f1f1165997941bdc1092aa
  languageName: node
  linkType: hard

"decimal.js@npm:^10.4.3":
  version: 10.4.3
  resolution: "decimal.js@npm:10.4.3"
  checksum: 796404dcfa9d1dbfdc48870229d57f788b48c21c603c3f6554a1c17c10195fc1024de338b0cf9e1efe0c7c167eeb18f04548979bcc5fdfabebb7cc0ae3287bae
  languageName: node
  linkType: hard

"discord-api-types@npm:0.37.61":
  version: 0.37.61
  resolution: "discord-api-types@npm:0.37.61"
  checksum: fe33d528e31a6de0bab2afb43d0e058957a6da6cfc4d797943fac83aeb8d07543dc0f85cad3c4e6789cbbac0c7ca49dae5ac465224b129c7acb716097fa0b081
  languageName: node
  linkType: hard

"discord-api-types@npm:^0.37.66":
  version: 0.37.66
  resolution: "discord-api-types@npm:0.37.66"
  checksum: ddc915515ad2f2c8d9b01ef0bc640dc616342e978ca926f01d2c4cb2cc2b5cd907057d934fa8b196a19447a3c81f4f541b7c7be2816426e9af8edf3e8ebfe935
  languageName: node
  linkType: hard

"discord.js@npm:^14.14.1":
  version: 14.14.1
  resolution: "discord.js@npm:14.14.1"
  dependencies:
    "@discordjs/builders": ^1.7.0
    "@discordjs/collection": 1.5.3
    "@discordjs/formatters": ^0.3.3
    "@discordjs/rest": ^2.1.0
    "@discordjs/util": ^1.0.2
    "@discordjs/ws": ^1.0.2
    "@sapphire/snowflake": 3.5.1
    "@types/ws": 8.5.9
    discord-api-types: 0.37.61
    fast-deep-equal: 3.1.3
    lodash.snakecase: 4.1.1
    tslib: 2.6.2
    undici: 5.27.2
    ws: 8.14.2
  checksum: 651e61861ae33e6ec3903e72a8bf229caae5dab73f8d409c3673430cafd9c438a0dd59983242bdcff47bab50da39f7a04da5b586c35b396c102e8e87637076e5
  languageName: node
  linkType: hard

"escape-latex@npm:^1.2.0":
  version: 1.2.0
  resolution: "escape-latex@npm:1.2.0"
  checksum: 73a787319f0965ecb8244bb38bf3a3cba872f0b9a5d3da8821140e9f39fe977045dc953a62b1a2bed4d12bfccbe75a7d8ec786412bf00739eaa2f627d0a8e0d6
  languageName: node
  linkType: hard

"fast-deep-equal@npm:3.1.3, fast-deep-equal@npm:^3.1.3":
  version: 3.1.3
  resolution: "fast-deep-equal@npm:3.1.3"
  checksum: e21a9d8d84f53493b6aa15efc9cfd53dd5b714a1f23f67fb5dc8f574af80df889b3bce25dc081887c6d25457cce704e636395333abad896ccdec03abaf1f3f9d
  languageName: node
  linkType: hard

"fraction.js@npm:4.3.4":
  version: 4.3.4
  resolution: "fraction.js@npm:4.3.4"
  checksum: 26fdecf114e3b693c760d3b2d5447f8ba9e815991ca7c7cdb930156780793b87f10936979a890b389676d960d7cd026273da9a44a6e20c12e3c4fd282a026ed3
  languageName: node
  linkType: hard

"javascript-natural-sort@npm:^0.7.1":
  version: 0.7.1
  resolution: "javascript-natural-sort@npm:0.7.1"
  checksum: 161e2c512cc7884bc055a582c6645d9032cab88497a76123d73cb23bfb03d97a04cf7772ecdb8bd3366fc07192c2f996366f479f725c23ef073fffe03d6a586a
  languageName: node
  linkType: hard

"lodash.snakecase@npm:4.1.1":
  version: 4.1.1
  resolution: "lodash.snakecase@npm:4.1.1"
  checksum: 1685ed3e83dda6eae5a4dcaee161a51cd210aabb3e1c09c57150e7dd8feda19e4ca0d27d0631eabe8d0f4eaa51e376da64e8c018ae5415417c5890d42feb72a8
  languageName: node
  linkType: hard

"lodash@npm:^4.17.21":
  version: 4.17.21
  resolution: "lodash@npm:4.17.21"
  checksum: eb835a2e51d381e561e508ce932ea50a8e5a68f4ebdd771ea240d3048244a8d13658acbd502cd4829768c56f2e16bdd4340b9ea141297d472517b83868e677f7
  languageName: node
  linkType: hard

"magic-bytes.js@npm:^1.5.0":
  version: 1.6.0
  resolution: "magic-bytes.js@npm:1.6.0"
  checksum: 1eece5f31ff56e8aaa994e086687b60ecf34632a5301a513bf618e7fda7afc4a67cb60ba08c90bbd77618b0814674780b48cec0c1111174a5f5fedf592cdcd79
  languageName: node
  linkType: hard

"mathjs@npm:^12.1.0":
  version: 12.1.0
  resolution: "mathjs@npm:12.1.0"
  dependencies:
    "@babel/runtime": ^7.23.2
    complex.js: ^2.1.1
    decimal.js: ^10.4.3
    escape-latex: ^1.2.0
    fraction.js: 4.3.4
    javascript-natural-sort: ^0.7.1
    seedrandom: ^3.0.5
    tiny-emitter: ^2.1.0
    typed-function: ^4.1.1
  bin:
    mathjs: bin/cli.js
  checksum: 272691bb3e302c35a36c8e4f7ff947bfdd99adb59dede05611a58fb31ef720e07e4414e3f3560af71fb6411ea54af86c0ede47ff3cd343fea66f6d07b463b80e
  languageName: node
  linkType: hard

"regenerator-runtime@npm:^0.14.0":
  version: 0.14.0
  resolution: "regenerator-runtime@npm:0.14.0"
  checksum: 1c977ad82a82a4412e4f639d65d22be376d3ebdd30da2c003eeafdaaacd03fc00c2320f18120007ee700900979284fc78a9f00da7fb593f6e6eeebc673fba9a3
  languageName: node
  linkType: hard

"seedrandom@npm:^3.0.5":
  version: 3.0.5
  resolution: "seedrandom@npm:3.0.5"
  checksum: 728b56bc3bc1b9ddeabd381e449b51cb31bdc0aa86e27fcd0190cea8c44613d5bcb2f6bb63ed79f78180cbe791c20b8ec31a9627f7b7fc7f476fd2bdb7e2da9f
  languageName: node
  linkType: hard

"thedoor@workspace:.":
  version: 0.0.0-use.local
  resolution: "thedoor@workspace:."
  dependencies:
    "@discordjs/builders": ^1.7.0
    "@discordjs/rest": ^2.2.0
    discord-api-types: ^0.37.66
    discord.js: ^14.14.1
    mathjs: ^12.1.0
  languageName: unknown
  linkType: soft

"tiny-emitter@npm:^2.1.0":
  version: 2.1.0
  resolution: "tiny-emitter@npm:2.1.0"
  checksum: fbcfb5145751a0e3b109507a828eb6d6d4501352ab7bb33eccef46e22e9d9ad3953158870a6966a59e57ab7c3f9cfac7cab8521db4de6a5e757012f4677df2dd
  languageName: node
  linkType: hard

"ts-mixer@npm:^6.0.3":
  version: 6.0.3
  resolution: "ts-mixer@npm:6.0.3"
  checksum: 7fbaba0a413bf817835a6a23d46bccf4192dd4d7345b6bae9d594c88acffac35bf4995ef3cce753090c8abcdf2afd16dba8899365584a1f960ccc2a15bf2e2d6
  languageName: node
  linkType: hard

"tslib@npm:2.6.2, tslib@npm:^2.6.2":
  version: 2.6.2
  resolution: "tslib@npm:2.6.2"
  checksum: 329ea56123005922f39642318e3d1f0f8265d1e7fcb92c633e0809521da75eeaca28d2cf96d7248229deb40e5c19adf408259f4b9640afd20d13aecc1430f3ad
  languageName: node
  linkType: hard

"typed-function@npm:^4.1.1":
  version: 4.1.1
  resolution: "typed-function@npm:4.1.1"
  checksum: ac9619d96c70f5023fee9fa393560ebc91080b0bbdd1e4ec5d924a56db77cee49b78d9e897c17935ed58000eee104bc9b59f29c1a5c86bcc2a3e58ff8449aff5
  languageName: node
  linkType: hard

"undici@npm:5.27.2":
  version: 5.27.2
  resolution: "undici@npm:5.27.2"
  dependencies:
    "@fastify/busboy": ^2.0.0
  checksum: 22bbdd763798700979986546d70072b67223189353d2a811efa9c6e44476161a0d1781ffe24115221f69a1b344b95d5926bd39a6eb760a2cd8804781cec0c5eb
  languageName: node
  linkType: hard

"ws@npm:8.14.2, ws@npm:^8.14.2":
  version: 8.14.2
  resolution: "ws@npm:8.14.2"
  peerDependencies:
    bufferutil: ^4.0.1
    utf-8-validate: ">=5.0.2"
  peerDependenciesMeta:
    bufferutil:
      optional: true
    utf-8-validate:
      optional: true
  checksum: 3ca0dad26e8cc6515ff392b622a1467430814c463b3368b0258e33696b1d4bed7510bc7030f7b72838b9fdeb8dbd8839cbf808367d6aae2e1d668ce741d4308b
  languageName: node
  linkType: hard
